<?xml version="1.0" encoding="utf-8"?>
<Project ToolsVersion="4.0" xmlns="http://schemas.microsoft.com/developer/msbuild/2003">
  <ItemGroup>
    <Filter Include="Source Files">
      <UniqueIdentifier>{4FC737F1-C7A5-4376-A066-2A32D752A2FF}</UniqueIdentifier>
      <Extensions>cpp;c;cc;cxx;def;odl;idl;hpj;bat;asm;asmx</Extensions>
    </Filter>
    <Filter Include="Header Files">
      <UniqueIdentifier>{93995380-89BD-4b04-88EB-625FBE52EBFB}</UniqueIdentifier>
      <Extensions>h;hh;hpp;hxx;hm;inl;inc;ipp;xsd</Extensions>
    </Filter>
    <Filter Include="Resource Files">
      <UniqueIdentifier>{67DA6AB6-F800-4c08-8B7A-83BB121AAD01}</UniqueIdentifier>
      <Extensions>rc;ico;cur;bmp;dlg;rc2;rct;bin;rgs;gif;jpg;jpeg;jpe;resx;tiff;tif;png;wav;mfcribbon-ms</Extensions>
    </Filter>
    <Filter Include="Header Files\Net">
      <UniqueIdentifier>{4d3b38f5-fc98-4ba5-87f2-e16d778d1cc9}</UniqueIdentifier>
    </Filter>
    <Filter Include="Header Files\Utils">
      <UniqueIdentifier>{cccd261a-78ef-41eb-8464-397d026cca08}</UniqueIdentifier>
    </Filter>
    <Filter Include="Source Files\Net">
      <UniqueIdentifier>{fe97e773-251c-4d1a-965a-87f785f60bb5}</UniqueIdentifier>
    </Filter>
    <Filter Include="Source Files\Utils">
      <UniqueIdentifier>{875db211-9666-4841-98b0-abeee1acc0ac}</UniqueIdentifier>
    </Filter>
  </ItemGroup>
  <ItemGroup>
    <ClCompile Include="src\GDLibrary.cpp">
      <Filter>Source Files</Filter>
    </ClCompile>
    <ClCompile Include="src\hello.cpp">
      <Filter>Source Files</Filter>
    </ClCompile>
    <ClCompile Include="src\Player\Player.cpp">
      <Filter>Source Files</Filter>
    </ClCompile>
    <ClCompile Include="src\Net\NetworkIdentity.cpp">
      <Filter>Source Files\Net</Filter>
    </ClCompile>
    <ClCompile Include="src\Net\NetworkManager.cpp">
      <Filter>Source Files\Net</Filter>
    </ClCompile>
    <ClCompile Include="src\Net\NetworkStarter.cpp">
      <Filter>Source Files\Net</Filter>
    </ClCompile>
    <ClCompile Include="src\Net\NetworkSync.cpp">
      <Filter>Source Files\Net</Filter>
    </ClCompile>
    <ClCompile Include="src\Net\NetworkTransform.cpp">
      <Filter>Source Files\Net</Filter>
    </ClCompile>
    <ClCompile Include="src\Objects\Crystal.cpp">
      <Filter>Source Files</Filter>
    </ClCompile>
    <ClCompile Include="src\System\GameUI.cpp">
      <Filter>Source Files</Filter>
    </ClCompile>
    <ClCompile Include="src\System\SignalManagerPlayer.cpp">
      <Filter>Source Files</Filter>
    </ClCompile>
    <ClCompile Include="src\Utils\Mathf.cpp">
      <Filter>Source Files\Utils</Filter>
    </ClCompile>
    <ClCompile Include="src\Net\NetworkAnimator.cpp">
      <Filter>Source Files\Net</Filter>
    </ClCompile>
    <ClCompile Include="src\Objects\Portal.cpp">
      <Filter>Source Files</Filter>
    </ClCompile>
    <ClCompile Include="src\Menu\ConnectionDialogue.cpp">
      <Filter>Source Files</Filter>
    </ClCompile>
    <ClCompile Include="src\GrassMultimesh.cpp">
      <Filter>Source Files</Filter>
    </ClCompile>
    <ClCompile Include="src\Menu\HostDialogue.cpp">
      <Filter>Source Files</Filter>
    </ClCompile>
    <ClCompile Include="src\Net\NetworkSignalManager.cpp">
      <Filter>Source Files</Filter>
    </ClCompile>
    <ClCompile Include="src\Environment\PropArea.cpp">
      <Filter>Source Files</Filter>
    </ClCompile>
    <ClCompile Include="src\UI\PauseMenu.cpp">
      <Filter>Source Files</Filter>
    </ClCompile>
    <ClCompile Include="src\GameManager.cpp">
      <Filter>Source Files</Filter>
    </ClCompile>
    <ClCompile Include="src\LOD.cpp">
      <Filter>Source Files</Filter>
    </ClCompile>
  </ItemGroup>
  <ItemGroup>
    <ClInclude Include="src\hello.hpp">
      <Filter>Header Files</Filter>
    </ClInclude>
    <ClInclude Include="src\Player\Player.hpp">
      <Filter>Header Files</Filter>
    </ClInclude>
    <ClInclude Include="src\Net\NetworkAnimator.hpp">
      <Filter>Header Files\Net</Filter>
    </ClInclude>
    <ClInclude Include="src\Net\NetworkIdentity.hpp">
      <Filter>Header Files\Net</Filter>
    </ClInclude>
    <ClInclude Include="src\Net\NetworkManager.hpp">
      <Filter>Header Files\Net</Filter>
    </ClInclude>
    <ClInclude Include="src\Net\NetworkNode.hpp">
      <Filter>Header Files\Net</Filter>
    </ClInclude>
    <ClInclude Include="src\Net\NetworkStarter.hpp">
      <Filter>Header Files\Net</Filter>
    </ClInclude>
    <ClInclude Include="src\Net\NetworkSync.hpp">
      <Filter>Header Files\Net</Filter>
    </ClInclude>
    <ClInclude Include="src\Net\NetworkTransform.hpp">
      <Filter>Header Files\Net</Filter>
    </ClInclude>
    <ClInclude Include="src\Objects\Crystal.hpp">
      <Filter>Header Files</Filter>
    </ClInclude>
    <ClInclude Include="src\System\GameUI.hpp">
      <Filter>Header Files</Filter>
    </ClInclude>
    <ClInclude Include="src\System\SignalManagerPlayer.hpp">
      <Filter>Header Files</Filter>
    </ClInclude>
    <ClInclude Include="src\Utils\Defs.hpp">
      <Filter>Header Files\Utils</Filter>
    </ClInclude>
    <ClInclude Include="src\Utils\Mathf.hpp">
      <Filter>Header Files\Utils</Filter>
    </ClInclude>
    <ClInclude Include="src\Objects\Portal.hpp">
      <Filter>Header Files</Filter>
    </ClInclude>
    <ClInclude Include="src\Menu\ConnectionDialogue.hpp">
      <Filter>Header Files</Filter>
    </ClInclude>
    <ClInclude Include="src\GrassMultimesh.hpp">
      <Filter>Header Files</Filter>
    </ClInclude>
    <ClInclude Include="src\Menu\HostDialogue.hpp">
      <Filter>Header Files</Filter>
    </ClInclude>
    <ClInclude Include="src\Net\NetworkSignalManager.hpp">
      <Filter>Header Files</Filter>
    </ClInclude>
    <ClInclude Include="src\Environment\PropArea.hpp">
      <Filter>Header Files</Filter>
    </ClInclude>
    <ClInclude Include="src\UI\PauseMenu.hpp">
      <Filter>Header Files</Filter>
    </ClInclude>
    <ClInclude Include="src\GameManager.hpp">
      <Filter>Header Files</Filter>
    </ClInclude>
    <ClInclude Include="src\LOD.hpp">
      <Filter>Header Files</Filter>
    </ClInclude>
  </ItemGroup>
  <ItemGroup>
    <None Include=".editorconfig" />
  </ItemGroup>
</Project>